
Microsoft Visual Studio Solution File, Format Version 12.00
# Visual Studio Version 16
VisualStudioVersion = 16.0.32126.315
MinimumVisualStudioVersion = 10.0.40219.1
Project("{FAE04EC0-301F-11D3-BF4B-00C04F79EFBC}") = "vivoautotestwifi", "vivoautotestwifi\vivoautotestwifi.csproj", "{B1BD1392-8C7E-41D3-895C-0EC963D91384}"
EndProject
Project("{FAE04EC0-301F-11D3-BF4B-00C04F79EFBC}") = "WpfApp1", "WpfApp1\WpfApp1.csproj", "{13A595B0-5FA6-48A4-ADD3-E968A06DB66D}"
EndProject
Global
	GlobalSection(SolutionConfigurationPlatforms) = preSolution
		Debug|Any CPU = Debug|Any CPU
		Release|Any CPU = Release|Any CPU
	EndGlobalSection
	GlobalSection(ProjectConfigurationPlatforms) = postSolution
		{B1BD1392-8C7E-41D3-895C-0EC963D91384}.Debug|Any CPU.ActiveCfg = Debug|Any CPU
		{B1BD1392-8C7E-41D3-895C-0EC963D91384}.Debug|Any CPU.Build.0 = Debug|Any CPU
		{B1BD1392-8C7E-41D3-895C-0EC963D91384}.Release|Any CPU.ActiveCfg = Release|Any CPU
		{B1BD1392-8C7E-41D3-895C-0EC963D91384}.Release|Any CPU.Build.0 = Release|Any CPU
		{13A595B0-5FA6-48A4-ADD3-E968A06DB66D}.Debug|Any CPU.ActiveCfg = Debug|Any CPU
		{13A595B0-5FA6-48A4-ADD3-E968A06DB66D}.Debug|Any CPU.Build.0 = Debug|Any CPU
		{13A595B0-5FA6-48A4-ADD3-E968A06DB66D}.Release|Any CPU.ActiveCfg = Release|Any CPU
		{13A595B0-5FA6-48A4-ADD3-E968A06DB66D}.Release|Any CPU.Build.0 = Release|Any CPU
	EndGlobalSection
	GlobalSection(SolutionProperties) = preSolution
		HideSolutionNode = FALSE
	EndGlobalSection
	GlobalSection(ExtensibilityGlobals) = postSolution
		SolutionGuid = {E564B39E-E54D-449B-B756-ABA83AA73AE6}
	EndGlobalSection
EndGlobal
